// !$*UTF8*$!
{
	archiveVersion = 1;
	classes = {
	};
	objectVersion = 50;
	objects = {

/* Begin PBXBuildFile section */
		B60EBB2125735F1B002DDB03 /* AlertContainerView.swift in Sources */ = {isa = PBXBuildFile; fileRef = B60EBB2025735F1B002DDB03 /* AlertContainerView.swift */; };
		B65C600D2572C077008D93C8 /* DataLoadingViewController.swift in Sources */ = {isa = PBXBuildFile; fileRef = B65C600C2572C077008D93C8 /* DataLoadingViewController.swift */; };
		B6A8355E2572AB17002C0F9F /* EmptyStateView.swift in Sources */ = {isa = PBXBuildFile; fileRef = B6A8355D2572AB17002C0F9F /* EmptyStateView.swift */; };
		B6A835612572AB4D002C0F9F /* TitleLabel.swift in Sources */ = {isa = PBXBuildFile; fileRef = B6A835602572AB4D002C0F9F /* TitleLabel.swift */; };
		B6A835672572B27B002C0F9F /* FollowCollectionViewCell.swift in Sources */ = {isa = PBXBuildFile; fileRef = B6A835662572B27B002C0F9F /* FollowCollectionViewCell.swift */; };
		B6A8356A2572B3D4002C0F9F /* AvatarImageView.swift in Sources */ = {isa = PBXBuildFile; fileRef = B6A835692572B3D4002C0F9F /* AvatarImageView.swift */; };
		B6BBAFD525722E0400359AA1 /* FollowListViewController.swift in Sources */ = {isa = PBXBuildFile; fileRef = B6BBAFD425722E0400359AA1 /* FollowListViewController.swift */; };
		B6BBAFDC2572445E00359AA1 /* UIHelpers.swift in Sources */ = {isa = PBXBuildFile; fileRef = B6BBAFDB2572445E00359AA1 /* UIHelpers.swift */; };
		B6BBAFE02572483A00359AA1 /* NetworkManager.swift in Sources */ = {isa = PBXBuildFile; fileRef = B6BBAFDF2572483A00359AA1 /* NetworkManager.swift */; };
		B6BBAFE5257249ED00359AA1 /* Follow.swift in Sources */ = {isa = PBXBuildFile; fileRef = B6BBAFE4257249ED00359AA1 /* Follow.swift */; };
		B6BBAFE925724AE800359AA1 /* User.swift in Sources */ = {isa = PBXBuildFile; fileRef = B6BBAFE825724AE800359AA1 /* User.swift */; };
		B6BBD30125729CD800E009A2 /* CusError.swift in Sources */ = {isa = PBXBuildFile; fileRef = B6BBD30025729CD800E009A2 /* CusError.swift */; };
		B6CA19672574A1E900EDFC43 /* FavoritesManager.swift in Sources */ = {isa = PBXBuildFile; fileRef = B6CA19662574A1E900EDFC43 /* FavoritesManager.swift */; };
		B6CA196C2574B10900EDFC43 /* FavoritesTableViewCell.swift in Sources */ = {isa = PBXBuildFile; fileRef = B6CA196B2574B10900EDFC43 /* FavoritesTableViewCell.swift */; };
		B6DF6E4C2573A91C00A06F3C /* AlertViewController.swift in Sources */ = {isa = PBXBuildFile; fileRef = B6DF6E4B2573A91C00A06F3C /* AlertViewController.swift */; };
		B6DF6E4F2573AA1600A06F3C /* BodyLabel.swift in Sources */ = {isa = PBXBuildFile; fileRef = B6DF6E4E2573AA1600A06F3C /* BodyLabel.swift */; };
		B6DF6E562573BA0800A06F3C /* UserInfoViewController.swift in Sources */ = {isa = PBXBuildFile; fileRef = B6DF6E552573BA0800A06F3C /* UserInfoViewController.swift */; };
		B6DF6E5A2573BA2F00A06F3C /* HeaderUserInfoViewController.swift in Sources */ = {isa = PBXBuildFile; fileRef = B6DF6E592573BA2F00A06F3C /* HeaderUserInfoViewController.swift */; };
		B6DF6E5D2573BA9300A06F3C /* ItemInfoViewController.swift in Sources */ = {isa = PBXBuildFile; fileRef = B6DF6E5C2573BA9300A06F3C /* ItemInfoViewController.swift */; };
		B6DF6E602573BB7500A06F3C /* RepoViewController.swift in Sources */ = {isa = PBXBuildFile; fileRef = B6DF6E5F2573BB7500A06F3C /* RepoViewController.swift */; };
		B6DF6E632573BB8C00A06F3C /* FollowItemViewController.swift in Sources */ = {isa = PBXBuildFile; fileRef = B6DF6E622573BB8C00A06F3C /* FollowItemViewController.swift */; };
		B6DF6E662573C0D300A06F3C /* SecondaryTitleLabel.swift in Sources */ = {isa = PBXBuildFile; fileRef = B6DF6E652573C0D300A06F3C /* SecondaryTitleLabel.swift */; };
		B6DF6E692573C4C700A06F3C /* ItemInfoView.swift in Sources */ = {isa = PBXBuildFile; fileRef = B6DF6E682573C4C700A06F3C /* ItemInfoView.swift */; };
		B6DF72242571E6F500F6D28B /* AppDelegate.swift in Sources */ = {isa = PBXBuildFile; fileRef = B6DF72232571E6F500F6D28B /* AppDelegate.swift */; };
		B6DF72262571E6F500F6D28B /* SceneDelegate.swift in Sources */ = {isa = PBXBuildFile; fileRef = B6DF72252571E6F500F6D28B /* SceneDelegate.swift */; };
		B6DF722D2571E6F600F6D28B /* Assets.xcassets in Resources */ = {isa = PBXBuildFile; fileRef = B6DF722C2571E6F600F6D28B /* Assets.xcassets */; };
		B6DF72302571E6F600F6D28B /* LaunchScreen.storyboard in Resources */ = {isa = PBXBuildFile; fileRef = B6DF722E2571E6F600F6D28B /* LaunchScreen.storyboard */; };
		B6DF725D2571E91F00F6D28B /* TabBarController.swift in Sources */ = {isa = PBXBuildFile; fileRef = B6DF725C2571E91F00F6D28B /* TabBarController.swift */; };
		B6DF72602571E98000F6D28B /* SearchViewController.swift in Sources */ = {isa = PBXBuildFile; fileRef = B6DF725F2571E98000F6D28B /* SearchViewController.swift */; };
		B6DF72632571E9D400F6D28B /* FavoritesListViewController.swift in Sources */ = {isa = PBXBuildFile; fileRef = B6DF72622571E9D400F6D28B /* FavoritesListViewController.swift */; };
		B6DF726A2571F0A400F6D28B /* Extension.swift in Sources */ = {isa = PBXBuildFile; fileRef = B6DF72692571F0A400F6D28B /* Extension.swift */; };
		B6DF726E2571F53A00F6D28B /* Constant.swift in Sources */ = {isa = PBXBuildFile; fileRef = B6DF726D2571F53A00F6D28B /* Constant.swift */; };
		B6DF72722571F73F00F6D28B /* UsernameTextField.swift in Sources */ = {isa = PBXBuildFile; fileRef = B6DF72712571F73F00F6D28B /* UsernameTextField.swift */; };
		B6DF72762571FE8900F6D28B /* ActionButton.swift in Sources */ = {isa = PBXBuildFile; fileRef = B6DF72752571FE8900F6D28B /* ActionButton.swift */; };
/* End PBXBuildFile section */

/* Begin PBXFileReference section */
		B60EBB2025735F1B002DDB03 /* AlertContainerView.swift */ = {isa = PBXFileReference; lastKnownFileType = sourcecode.swift; path = AlertContainerView.swift; sourceTree = "<group>"; };
		B65C600C2572C077008D93C8 /* DataLoadingViewController.swift */ = {isa = PBXFileReference; lastKnownFileType = sourcecode.swift; path = DataLoadingViewController.swift; sourceTree = "<group>"; };
		B6A8355D2572AB17002C0F9F /* EmptyStateView.swift */ = {isa = PBXFileReference; lastKnownFileType = sourcecode.swift; path = EmptyStateView.swift; sourceTree = "<group>"; };
		B6A835602572AB4D002C0F9F /* TitleLabel.swift */ = {isa = PBXFileReference; lastKnownFileType = sourcecode.swift; path = TitleLabel.swift; sourceTree = "<group>"; };
		B6A835662572B27B002C0F9F /* FollowCollectionViewCell.swift */ = {isa = PBXFileReference; lastKnownFileType = sourcecode.swift; path = FollowCollectionViewCell.swift; sourceTree = "<group>"; };
		B6A835692572B3D4002C0F9F /* AvatarImageView.swift */ = {isa = PBXFileReference; lastKnownFileType = sourcecode.swift; path = AvatarImageView.swift; sourceTree = "<group>"; };
		B6BBAFD425722E0400359AA1 /* FollowListViewController.swift */ = {isa = PBXFileReference; lastKnownFileType = sourcecode.swift; path = FollowListViewController.swift; sourceTree = "<group>"; };
		B6BBAFDB2572445E00359AA1 /* UIHelpers.swift */ = {isa = PBXFileReference; lastKnownFileType = sourcecode.swift; path = UIHelpers.swift; sourceTree = "<group>"; };
		B6BBAFDF2572483A00359AA1 /* NetworkManager.swift */ = {isa = PBXFileReference; lastKnownFileType = sourcecode.swift; path = NetworkManager.swift; sourceTree = "<group>"; };
		B6BBAFE4257249ED00359AA1 /* Follow.swift */ = {isa = PBXFileReference; lastKnownFileType = sourcecode.swift; path = Follow.swift; sourceTree = "<group>"; };
		B6BBAFE825724AE800359AA1 /* User.swift */ = {isa = PBXFileReference; lastKnownFileType = sourcecode.swift; path = User.swift; sourceTree = "<group>"; };
		B6BBD30025729CD800E009A2 /* CusError.swift */ = {isa = PBXFileReference; lastKnownFileType = sourcecode.swift; path = CusError.swift; sourceTree = "<group>"; };
		B6CA19662574A1E900EDFC43 /* FavoritesManager.swift */ = {isa = PBXFileReference; lastKnownFileType = sourcecode.swift; path = FavoritesManager.swift; sourceTree = "<group>"; };
		B6CA196B2574B10900EDFC43 /* FavoritesTableViewCell.swift */ = {isa = PBXFileReference; lastKnownFileType = sourcecode.swift; path = FavoritesTableViewCell.swift; sourceTree = "<group>"; };
		B6DF6E4B2573A91C00A06F3C /* AlertViewController.swift */ = {isa = PBXFileReference; lastKnownFileType = sourcecode.swift; path = AlertViewController.swift; sourceTree = "<group>"; };
		B6DF6E4E2573AA1600A06F3C /* BodyLabel.swift */ = {isa = PBXFileReference; lastKnownFileType = sourcecode.swift; path = BodyLabel.swift; sourceTree = "<group>"; };
		B6DF6E552573BA0800A06F3C /* UserInfoViewController.swift */ = {isa = PBXFileReference; lastKnownFileType = sourcecode.swift; path = UserInfoViewController.swift; sourceTree = "<group>"; };
		B6DF6E592573BA2F00A06F3C /* HeaderUserInfoViewController.swift */ = {isa = PBXFileReference; lastKnownFileType = sourcecode.swift; path = HeaderUserInfoViewController.swift; sourceTree = "<group>"; };
		B6DF6E5C2573BA9300A06F3C /* ItemInfoViewController.swift */ = {isa = PBXFileReference; lastKnownFileType = sourcecode.swift; path = ItemInfoViewController.swift; sourceTree = "<group>"; };
		B6DF6E5F2573BB7500A06F3C /* RepoViewController.swift */ = {isa = PBXFileReference; lastKnownFileType = sourcecode.swift; path = RepoViewController.swift; sourceTree = "<group>"; };
		B6DF6E622573BB8C00A06F3C /* FollowItemViewController.swift */ = {isa = PBXFileReference; lastKnownFileType = sourcecode.swift; path = FollowItemViewController.swift; sourceTree = "<group>"; };
		B6DF6E652573C0D300A06F3C /* SecondaryTitleLabel.swift */ = {isa = PBXFileReference; lastKnownFileType = sourcecode.swift; path = SecondaryTitleLabel.swift; sourceTree = "<group>"; };
		B6DF6E682573C4C700A06F3C /* ItemInfoView.swift */ = {isa = PBXFileReference; lastKnownFileType = sourcecode.swift; path = ItemInfoView.swift; sourceTree = "<group>"; };
		B6DF72202571E6F500F6D28B /* GitHubF0ll0w.app */ = {isa = PBXFileReference; explicitFileType = wrapper.application; includeInIndex = 0; path = GitHubF0ll0w.app; sourceTree = BUILT_PRODUCTS_DIR; };
		B6DF72232571E6F500F6D28B /* AppDelegate.swift */ = {isa = PBXFileReference; lastKnownFileType = sourcecode.swift; path = AppDelegate.swift; sourceTree = "<group>"; };
		B6DF72252571E6F500F6D28B /* SceneDelegate.swift */ = {isa = PBXFileReference; lastKnownFileType = sourcecode.swift; path = SceneDelegate.swift; sourceTree = "<group>"; };
		B6DF722C2571E6F600F6D28B /* Assets.xcassets */ = {isa = PBXFileReference; lastKnownFileType = folder.assetcatalog; path = Assets.xcassets; sourceTree = "<group>"; };
		B6DF722F2571E6F600F6D28B /* Base */ = {isa = PBXFileReference; lastKnownFileType = file.storyboard; name = Base; path = Base.lproj/LaunchScreen.storyboard; sourceTree = "<group>"; };
		B6DF72312571E6F600F6D28B /* Info.plist */ = {isa = PBXFileReference; lastKnownFileType = text.plist.xml; path = Info.plist; sourceTree = "<group>"; };
		B6DF725C2571E91F00F6D28B /* TabBarController.swift */ = {isa = PBXFileReference; lastKnownFileType = sourcecode.swift; path = TabBarController.swift; sourceTree = "<group>"; };
		B6DF725F2571E98000F6D28B /* SearchViewController.swift */ = {isa = PBXFileReference; lastKnownFileType = sourcecode.swift; path = SearchViewController.swift; sourceTree = "<group>"; };
		B6DF72622571E9D400F6D28B /* FavoritesListViewController.swift */ = {isa = PBXFileReference; lastKnownFileType = sourcecode.swift; path = FavoritesListViewController.swift; sourceTree = "<group>"; };
		B6DF72692571F0A400F6D28B /* Extension.swift */ = {isa = PBXFileReference; lastKnownFileType = sourcecode.swift; path = Extension.swift; sourceTree = "<group>"; };
		B6DF726D2571F53A00F6D28B /* Constant.swift */ = {isa = PBXFileReference; lastKnownFileType = sourcecode.swift; path = Constant.swift; sourceTree = "<group>"; };
		B6DF72712571F73F00F6D28B /* UsernameTextField.swift */ = {isa = PBXFileReference; lastKnownFileType = sourcecode.swift; path = UsernameTextField.swift; sourceTree = "<group>"; };
		B6DF72752571FE8900F6D28B /* ActionButton.swift */ = {isa = PBXFileReference; lastKnownFileType = sourcecode.swift; path = ActionButton.swift; sourceTree = "<group>"; };
/* End PBXFileReference section */

/* Begin PBXFrameworksBuildPhase section */
		B6DF721D2571E6F500F6D28B /* Frameworks */ = {
			isa = PBXFrameworksBuildPhase;
			buildActionMask = 2147483647;
			files = (
			);
			runOnlyForDeploymentPostprocessing = 0;
		};
/* End PBXFrameworksBuildPhase section */

/* Begin PBXGroup section */
		B6BBAFDE2572481E00359AA1 /* Managers */ = {
			isa = PBXGroup;
			children = (
				B6BBAFDF2572483A00359AA1 /* NetworkManager.swift */,
				B6CA19662574A1E900EDFC43 /* FavoritesManager.swift */,
			);
			path = Managers;
			sourceTree = "<group>";
		};
		B6BBAFE3257249DA00359AA1 /* Models */ = {
			isa = PBXGroup;
			children = (
				B6BBAFE4257249ED00359AA1 /* Follow.swift */,
				B6BBAFE825724AE800359AA1 /* User.swift */,
			);
			path = Models;
			sourceTree = "<group>";
		};
		B6CA196A2574B0EB00EDFC43 /* Cells */ = {
			isa = PBXGroup;
			children = (
				B6A835662572B27B002C0F9F /* FollowCollectionViewCell.swift */,
				B6CA196B2574B10900EDFC43 /* FavoritesTableViewCell.swift */,
			);
			path = Cells;
			sourceTree = "<group>";
		};
		B6DF6E512573B8B400A06F3C /* Main */ = {
			isa = PBXGroup;
			children = (
				B6DF725C2571E91F00F6D28B /* TabBarController.swift */,
				B6DF725F2571E98000F6D28B /* SearchViewController.swift */,
				B6DF72622571E9D400F6D28B /* FavoritesListViewController.swift */,
			);
			path = Main;
			sourceTree = "<group>";
		};
		B6DF6E542573B9BA00A06F3C /* UserInfo */ = {
			isa = PBXGroup;
			children = (
				B6DF6E552573BA0800A06F3C /* UserInfoViewController.swift */,
				B6DF6E592573BA2F00A06F3C /* HeaderUserInfoViewController.swift */,
				B6DF6E5C2573BA9300A06F3C /* ItemInfoViewController.swift */,
				B6DF6E5F2573BB7500A06F3C /* RepoViewController.swift */,
				B6DF6E622573BB8C00A06F3C /* FollowItemViewController.swift */,
			);
			path = UserInfo;
			sourceTree = "<group>";
		};
		B6DF72172571E6F500F6D28B = {
			isa = PBXGroup;
			children = (
				B6DF72222571E6F500F6D28B /* GitHubF0ll0w */,
				B6DF72212571E6F500F6D28B /* Products */,
			);
			sourceTree = "<group>";
		};
		B6DF72212571E6F500F6D28B /* Products */ = {
			isa = PBXGroup;
			children = (
				B6DF72202571E6F500F6D28B /* GitHubF0ll0w.app */,
			);
			name = Products;
			sourceTree = "<group>";
		};
		B6DF72222571E6F500F6D28B /* GitHubF0ll0w */ = {
			isa = PBXGroup;
			children = (
				B6BBAFE3257249DA00359AA1 /* Models */,
				B6BBAFDE2572481E00359AA1 /* Managers */,
				B6DF72702571F6E700F6D28B /* CustomViews */,
				B6DF72682571F08800F6D28B /* Utility */,
				B6DF72232571E6F500F6D28B /* AppDelegate.swift */,
				B6DF72252571E6F500F6D28B /* SceneDelegate.swift */,
				B6BBD30025729CD800E009A2 /* CusError.swift */,
				B6DF72652571EFFF00F6D28B /* Controllers */,
				B6DF722C2571E6F600F6D28B /* Assets.xcassets */,
				B6DF722E2571E6F600F6D28B /* LaunchScreen.storyboard */,
				B6DF72312571E6F600F6D28B /* Info.plist */,
			);
			path = GitHubF0ll0w;
			sourceTree = "<group>";
		};
		B6DF72652571EFFF00F6D28B /* Controllers */ = {
			isa = PBXGroup;
			children = (
				B6DF6E542573B9BA00A06F3C /* UserInfo */,
				B6DF6E512573B8B400A06F3C /* Main */,
				B6DF6E4B2573A91C00A06F3C /* AlertViewController.swift */,
				B6BBAFD425722E0400359AA1 /* FollowListViewController.swift */,
				B65C600C2572C077008D93C8 /* DataLoadingViewController.swift */,
			);
			path = Controllers;
			sourceTree = "<group>";
		};
		B6DF72682571F08800F6D28B /* Utility */ = {
			isa = PBXGroup;
			children = (
				B6DF72692571F0A400F6D28B /* Extension.swift */,
				B6DF726D2571F53A00F6D28B /* Constant.swift */,
				B6BBAFDB2572445E00359AA1 /* UIHelpers.swift */,
			);
			path = Utility;
			sourceTree = "<group>";
		};
		B6DF72702571F6E700F6D28B /* CustomViews */ = {
			isa = PBXGroup;
			children = (
				B6CA196A2574B0EB00EDFC43 /* Cells */,
				B6DF72712571F73F00F6D28B /* UsernameTextField.swift */,
				B6DF72752571FE8900F6D28B /* ActionButton.swift */,
				B6A835602572AB4D002C0F9F /* TitleLabel.swift */,
				B6A835692572B3D4002C0F9F /* AvatarImageView.swift */,
				B60EBB2025735F1B002DDB03 /* AlertContainerView.swift */,
				B6DF6E4E2573AA1600A06F3C /* BodyLabel.swift */,
				B6A8355D2572AB17002C0F9F /* EmptyStateView.swift */,
				B6DF6E652573C0D300A06F3C /* SecondaryTitleLabel.swift */,
				B6DF6E682573C4C700A06F3C /* ItemInfoView.swift */,
			);
			path = CustomViews;
			sourceTree = "<group>";
		};
/* End PBXGroup section */

/* Begin PBXNativeTarget section */
		B6DF721F2571E6F500F6D28B /* GitHubF0ll0w */ = {
			isa = PBXNativeTarget;
			buildConfigurationList = B6DF72342571E6F600F6D28B /* Build configuration list for PBXNativeTarget "GitHubF0ll0w" */;
			buildPhases = (
				B6DF721C2571E6F500F6D28B /* Sources */,
				B6DF721D2571E6F500F6D28B /* Frameworks */,
				B6DF721E2571E6F500F6D28B /* Resources */,
			);
			buildRules = (
			);
			dependencies = (
			);
			name = GitHubF0ll0w;
			productName = GitHubF0ll0w;
			productReference = B6DF72202571E6F500F6D28B /* GitHubF0ll0w.app */;
			productType = "com.apple.product-type.application";
		};
/* End PBXNativeTarget section */

/* Begin PBXProject section */
		B6DF72182571E6F500F6D28B /* Project object */ = {
			isa = PBXProject;
			attributes = {
				LastSwiftUpdateCheck = 1220;
				LastUpgradeCheck = 1220;
				TargetAttributes = {
					B6DF721F2571E6F500F6D28B = {
						CreatedOnToolsVersion = 12.2;
					};
				};
			};
			buildConfigurationList = B6DF721B2571E6F500F6D28B /* Build configuration list for PBXProject "GitHubF0ll0w" */;
			compatibilityVersion = "Xcode 9.3";
			developmentRegion = en;
			hasScannedForEncodings = 0;
			knownRegions = (
				en,
				Base,
			);
			mainGroup = B6DF72172571E6F500F6D28B;
			productRefGroup = B6DF72212571E6F500F6D28B /* Products */;
			projectDirPath = "";
			projectRoot = "";
			targets = (
				B6DF721F2571E6F500F6D28B /* GitHubF0ll0w */,
			);
		};
/* End PBXProject section */

/* Begin PBXResourcesBuildPhase section */
		B6DF721E2571E6F500F6D28B /* Resources */ = {
			isa = PBXResourcesBuildPhase;
			buildActionMask = 2147483647;
			files = (
				B6DF72302571E6F600F6D28B /* LaunchScreen.storyboard in Resources */,
				B6DF722D2571E6F600F6D28B /* Assets.xcassets in Resources */,
			);
			runOnlyForDeploymentPostprocessing = 0;
		};
/* End PBXResourcesBuildPhase section */

/* Begin PBXSourcesBuildPhase section */
		B6DF721C2571E6F500F6D28B /* Sources */ = {
			isa = PBXSourcesBuildPhase;
			buildActionMask = 2147483647;
			files = (
				B6DF6E4F2573AA1600A06F3C /* BodyLabel.swift in Sources */,
				B6DF6E562573BA0800A06F3C /* UserInfoViewController.swift in Sources */,
				B6DF6E602573BB7500A06F3C /* RepoViewController.swift in Sources */,
				B6DF6E662573C0D300A06F3C /* SecondaryTitleLabel.swift in Sources */,
				B6BBAFE02572483A00359AA1 /* NetworkManager.swift in Sources */,
				B6DF6E5A2573BA2F00A06F3C /* HeaderUserInfoViewController.swift in Sources */,
				B6A835672572B27B002C0F9F /* FollowCollectionViewCell.swift in Sources */,
				B6DF726E2571F53A00F6D28B /* Constant.swift in Sources */,
				B6DF72602571E98000F6D28B /* SearchViewController.swift in Sources */,
				B6DF725D2571E91F00F6D28B /* TabBarController.swift in Sources */,
				B65C600D2572C077008D93C8 /* DataLoadingViewController.swift in Sources */,
				B6DF72722571F73F00F6D28B /* UsernameTextField.swift in Sources */,
				B6DF6E4C2573A91C00A06F3C /* AlertViewController.swift in Sources */,
				B6CA196C2574B10900EDFC43 /* FavoritesTableViewCell.swift in Sources */,
				B6DF72242571E6F500F6D28B /* AppDelegate.swift in Sources */,
				B6BBAFE925724AE800359AA1 /* User.swift in Sources */,
				B6A8356A2572B3D4002C0F9F /* AvatarImageView.swift in Sources */,
				B6DF726A2571F0A400F6D28B /* Extension.swift in Sources */,
				B6DF6E692573C4C700A06F3C /* ItemInfoView.swift in Sources */,
				B6A8355E2572AB17002C0F9F /* EmptyStateView.swift in Sources */,
				B6DF72632571E9D400F6D28B /* FavoritesListViewController.swift in Sources */,
				B6CA19672574A1E900EDFC43 /* FavoritesManager.swift in Sources */,
				B6BBAFDC2572445E00359AA1 /* UIHelpers.swift in Sources */,
				B6BBAFD525722E0400359AA1 /* FollowListViewController.swift in Sources */,
				B6DF6E5D2573BA9300A06F3C /* ItemInfoViewController.swift in Sources */,
				B6DF72762571FE8900F6D28B /* ActionButton.swift in Sources */,
				B6DF6E632573BB8C00A06F3C /* FollowItemViewController.swift in Sources */,
				B6BBAFE5257249ED00359AA1 /* Follow.swift in Sources */,
				B6BBD30125729CD800E009A2 /* CusError.swift in Sources */,
				B60EBB2125735F1B002DDB03 /* AlertContainerView.swift in Sources */,
				B6DF72262571E6F500F6D28B /* SceneDelegate.swift in Sources */,
				B6A835612572AB4D002C0F9F /* TitleLabel.swift in Sources */,
			);
			runOnlyForDeploymentPostprocessing = 0;
		};
/* End PBXSourcesBuildPhase section */

/* Begin PBXVariantGroup section */
		B6DF722E2571E6F600F6D28B /* LaunchScreen.storyboard */ = {
			isa = PBXVariantGroup;
			children = (
				B6DF722F2571E6F600F6D28B /* Base */,
			);
			name = LaunchScreen.storyboard;
			sourceTree = "<group>";
		};
/* End PBXVariantGroup section */

/* Begin XCBuildConfiguration section */
		B6DF72322571E6F600F6D28B /* Debug */ = {
			isa = XCBuildConfiguration;
			buildSettings = {
				ALWAYS_SEARCH_USER_PATHS = NO;
				CLANG_ANALYZER_NONNULL = YES;
				CLANG_ANALYZER_NUMBER_OBJECT_CONVERSION = YES_AGGRESSIVE;
				CLANG_CXX_LANGUAGE_STANDARD = "gnu++14";
				CLANG_CXX_LIBRARY = "libc++";
				CLANG_ENABLE_MODULES = YES;
				CLANG_ENABLE_OBJC_ARC = YES;
				CLANG_ENABLE_OBJC_WEAK = YES;
				CLANG_WARN_BLOCK_CAPTURE_AUTORELEASING = YES;
				CLANG_WARN_BOOL_CONVERSION = YES;
				CLANG_WARN_COMMA = YES;
				CLANG_WARN_CONSTANT_CONVERSION = YES;
				CLANG_WARN_DEPRECATED_OBJC_IMPLEMENTATIONS = YES;
				CLANG_WARN_DIRECT_OBJC_ISA_USAGE = YES_ERROR;
				CLANG_WARN_DOCUMENTATION_COMMENTS = YES;
				CLANG_WARN_EMPTY_BODY = YES;
				CLANG_WARN_ENUM_CONVERSION = YES;
				CLANG_WARN_INFINITE_RECURSION = YES;
				CLANG_WARN_INT_CONVERSION = YES;
				CLANG_WARN_NON_LITERAL_NULL_CONVERSION = YES;
				CLANG_WARN_OBJC_IMPLICIT_RETAIN_SELF = YES;
				CLANG_WARN_OBJC_LITERAL_CONVERSION = YES;
				CLANG_WARN_OBJC_ROOT_CLASS = YES_ERROR;
				CLANG_WARN_QUOTED_INCLUDE_IN_FRAMEWORK_HEADER = YES;
				CLANG_WARN_RANGE_LOOP_ANALYSIS = YES;
				CLANG_WARN_STRICT_PROTOTYPES = YES;
				CLANG_WARN_SUSPICIOUS_MOVE = YES;
				CLANG_WARN_UNGUARDED_AVAILABILITY = YES_AGGRESSIVE;
				CLANG_WARN_UNREACHABLE_CODE = YES;
				CLANG_WARN__DUPLICATE_METHOD_MATCH = YES;
				COPY_PHASE_STRIP = NO;
				DEBUG_INFORMATION_FORMAT = dwarf;
				ENABLE_STRICT_OBJC_MSGSEND = YES;
				ENABLE_TESTABILITY = YES;
				GCC_C_LANGUAGE_STANDARD = gnu11;
				GCC_DYNAMIC_NO_PIC = NO;
				GCC_NO_COMMON_BLOCKS = YES;
				GCC_OPTIMIZATION_LEVEL = 0;
				GCC_PREPROCESSOR_DEFINITIONS = (
					"DEBUG=1",
					"$(inherited)",
				);
				GCC_WARN_64_TO_32_BIT_CONVERSION = YES;
				GCC_WARN_ABOUT_RETURN_TYPE = YES_ERROR;
				GCC_WARN_UNDECLARED_SELECTOR = YES;
				GCC_WARN_UNINITIALIZED_AUTOS = YES_AGGRESSIVE;
				GCC_WARN_UNUSED_FUNCTION = YES;
				GCC_WARN_UNUSED_VARIABLE = YES;
				IPHONEOS_DEPLOYMENT_TARGET = 14.2;
				MTL_ENABLE_DEBUG_INFO = INCLUDE_SOURCE;
				MTL_FAST_MATH = YES;
				ONLY_ACTIVE_ARCH = YES;
				SDKROOT = iphoneos;
				SWIFT_ACTIVE_COMPILATION_CONDITIONS = DEBUG;
				SWIFT_OPTIMIZATION_LEVEL = "-Onone";
			};
			name = Debug;
		};
		B6DF72332571E6F600F6D28B /* Release */ = {
			isa = XCBuildConfiguration;
			buildSettings = {
				ALWAYS_SEARCH_USER_PATHS = NO;
				CLANG_ANALYZER_NONNULL = YES;
				CLANG_ANALYZER_NUMBER_OBJECT_CONVERSION = YES_AGGRESSIVE;
				CLANG_CXX_LANGUAGE_STANDARD = "gnu++14";
				CLANG_CXX_LIBRARY = "libc++";
				CLANG_ENABLE_MODULES = YES;
				CLANG_ENABLE_OBJC_ARC = YES;
				CLANG_ENABLE_OBJC_WEAK = YES;
				CLANG_WARN_BLOCK_CAPTURE_AUTORELEASING = YES;
				CLANG_WARN_BOOL_CONVERSION = YES;
				CLANG_WARN_COMMA = YES;
				CLANG_WARN_CONSTANT_CONVERSION = YES;
				CLANG_WARN_DEPRECATED_OBJC_IMPLEMENTATIONS = YES;
				CLANG_WARN_DIRECT_OBJC_ISA_USAGE = YES_ERROR;
				CLANG_WARN_DOCUMENTATION_COMMENTS = YES;
				CLANG_WARN_EMPTY_BODY = YES;
				CLANG_WARN_ENUM_CONVERSION = YES;
				CLANG_WARN_INFINITE_RECURSION = YES;
				CLANG_WARN_INT_CONVERSION = YES;
				CLANG_WARN_NON_LITERAL_NULL_CONVERSION = YES;
				CLANG_WARN_OBJC_IMPLICIT_RETAIN_SELF = YES;
				CLANG_WARN_OBJC_LITERAL_CONVERSION = YES;
				CLANG_WARN_OBJC_ROOT_CLASS = YES_ERROR;
				CLANG_WARN_QUOTED_INCLUDE_IN_FRAMEWORK_HEADER = YES;
				CLANG_WARN_RANGE_LOOP_ANALYSIS = YES;
				CLANG_WARN_STRICT_PROTOTYPES = YES;
				CLANG_WARN_SUSPICIOUS_MOVE = YES;
				CLANG_WARN_UNGUARDED_AVAILABILITY = YES_AGGRESSIVE;
				CLANG_WARN_UNREACHABLE_CODE = YES;
				CLANG_WARN__DUPLICATE_METHOD_MATCH = YES;
				COPY_PHASE_STRIP = NO;
				DEBUG_INFORMATION_FORMAT = "dwarf-with-dsym";
				ENABLE_NS_ASSERTIONS = NO;
				ENABLE_STRICT_OBJC_MSGSEND = YES;
				GCC_C_LANGUAGE_STANDARD = gnu11;
				GCC_NO_COMMON_BLOCKS = YES;
				GCC_WARN_64_TO_32_BIT_CONVERSION = YES;
				GCC_WARN_ABOUT_RETURN_TYPE = YES_ERROR;
				GCC_WARN_UNDECLARED_SELECTOR = YES;
				GCC_WARN_UNINITIALIZED_AUTOS = YES_AGGRESSIVE;
				GCC_WARN_UNUSED_FUNCTION = YES;
				GCC_WARN_UNUSED_VARIABLE = YES;
				IPHONEOS_DEPLOYMENT_TARGET = 14.2;
				MTL_ENABLE_DEBUG_INFO = NO;
				MTL_FAST_MATH = YES;
				SDKROOT = iphoneos;
				SWIFT_COMPILATION_MODE = wholemodule;
				SWIFT_OPTIMIZATION_LEVEL = "-O";
				VALIDATE_PRODUCT = YES;
			};
			name = Release;
		};
		B6DF72352571E6F600F6D28B /* Debug */ = {
			isa = XCBuildConfiguration;
			buildSettings = {
				ASSETCATALOG_COMPILER_APPICON_NAME = AppIcon;
				ASSETCATALOG_COMPILER_GLOBAL_ACCENT_COLOR_NAME = AccentColor;
				CODE_SIGN_STYLE = Automatic;
				DEVELOPMENT_TEAM = 3JRCZ9PVD2;
				INFOPLIST_FILE = GitHubF0ll0w/Info.plist;
				LD_RUNPATH_SEARCH_PATHS = (
					"$(inherited)",
					"@executable_path/Frameworks",
				);
				PRODUCT_BUNDLE_IDENTIFIER = com.huyquocnguyen1902.GitHubF0ll0w;
				PRODUCT_NAME = "$(TARGET_NAME)";
				SWIFT_VERSION = 5.0;
				TARGETED_DEVICE_FAMILY = 1;
			};
			name = Debug;
		};
		B6DF72362571E6F600F6D28B /* Release */ = {
			isa = XCBuildConfiguration;
			buildSettings = {
				ASSETCATALOG_COMPILER_APPICON_NAME = AppIcon;
				ASSETCATALOG_COMPILER_GLOBAL_ACCENT_COLOR_NAME = AccentColor;
				CODE_SIGN_STYLE = Automatic;
				DEVELOPMENT_TEAM = 3JRCZ9PVD2;
				INFOPLIST_FILE = GitHubF0ll0w/Info.plist;
				LD_RUNPATH_SEARCH_PATHS = (
					"$(inherited)",
					"@executable_path/Frameworks",
				);
				PRODUCT_BUNDLE_IDENTIFIER = com.huyquocnguyen1902.GitHubF0ll0w;
				PRODUCT_NAME = "$(TARGET_NAME)";
				SWIFT_VERSION = 5.0;
				TARGETED_DEVICE_FAMILY = 1;
			};
			name = Release;
		};
/* End XCBuildConfiguration section */

/* Begin XCConfigurationList section */
		B6DF721B2571E6F500F6D28B /* Build configuration list for PBXProject "GitHubF0ll0w" */ = {
			isa = XCConfigurationList;
			buildConfigurations = (
				B6DF72322571E6F600F6D28B /* Debug */,
				B6DF72332571E6F600F6D28B /* Release */,
			);
			defaultConfigurationIsVisible = 0;
			defaultConfigurationName = Release;
		};
		B6DF72342571E6F600F6D28B /* Build configuration list for PBXNativeTarget "GitHubF0ll0w" */ = {
			isa = XCConfigurationList;
			buildConfigurations = (
				B6DF72352571E6F600F6D28B /* Debug */,
				B6DF72362571E6F600F6D28B /* Release */,
			);
			defaultConfigurationIsVisible = 0;
			defaultConfigurationName = Release;
		};
/* End XCConfigurationList section */
	};
	rootObject = B6DF72182571E6F500F6D28B /* Project object */;
}
